{
  "version": 4,
  "terraform_version": "1.13.4",
  "serial": 6,
  "lineage": "7bac14b4-8214-6d1b-3a1f-81242429bf85",
  "outputs": {
    "os_disk_path": {
      "value": "C:\\HyperV\\VHDX\\Users\\ws-user\\user-test-demo15.vhdx",
      "type": "string"
    }
  },
  "resources": [
    {
      "mode": "data",
      "type": "hypervapiv2_disk_plan",
      "name": "os",
      "provider": "provider[\"registry.terraform.io/vinitsiriya/hypervapiv2\"]",
      "instances": [
        {
          "schema_version": 0,
          "attributes": {
            "clone_from": null,
            "co_locate_with": null,
            "ext": null,
            "free_gb_after": 1657,
            "host": "WORKSPACE",
            "id": "user-test-demo15:os",
            "matched_root": "C:\\HyperV\\VHDX\\Users",
            "min_free_gb": null,
            "normalized_path": "C:\\HyperV\\VHDX\\Users\\ws-user\\user-test-demo15.vhdx",
            "operation": "create",
            "path": "C:\\HyperV\\VHDX\\Users\\ws-user\\user-test-demo15.vhdx",
            "prefer_root": null,
            "purpose": "os",
            "reason": "user-subdir",
            "size_gb": 10,
            "vm_name": "user-test-demo15",
            "warnings": [],
            "writable": true
          },
          "sensitive_attributes": [],
          "identity_schema_version": 0
        }
      ]
    },
    {
      "mode": "managed",
      "type": "hypervapiv2_vm",
      "name": "vm",
      "provider": "provider[\"registry.terraform.io/vinitsiriya/hypervapiv2\"]",
      "instances": [
        {
          "schema_version": 0,
          "attributes": {
            "cpu": 2,
            "disk": [
              {
                "auto_attach": null,
                "boot": true,
                "clone_from": null,
                "controller": null,
                "lun": null,
                "name": "os",
                "path": null,
                "placement": null,
                "protect": null,
                "purpose": "os",
                "read_only": null,
                "size": "10GB",
                "source_path": null,
                "type": "dynamic"
              },
              {
                "auto_attach": null,
                "boot": null,
                "clone_from": null,
                "controller": null,
                "lun": null,
                "name": "data",
                "path": null,
                "placement": null,
                "protect": true,
                "purpose": "data",
                "read_only": null,
                "size": "10GB",
                "source_path": null,
                "type": null
              }
            ],
            "firmware": null,
            "generation": null,
            "id": "683dd148-397e-42ee-afca-354c3ba392cc",
            "memory": "2GB",
            "name": "user-test-demo15",
            "new_vhd_path": null,
            "new_vhd_size_gb": null,
            "power": "stopped",
            "security": null,
            "stop_method": null,
            "switch_name": null,
            "vm_lifecycle": {
              "delete_disks": true
            },
            "wait_timeout_seconds": null
          },
          "sensitive_attributes": [],
          "identity_schema_version": 0
        }
      ]
    }
  ],
  "check_results": null
}
