{
  "version": 4,
  "terraform_version": "1.13.4",
  "serial": 20,
  "lineage": "8863a6af-582c-9ee8-bb76-a9cd76f7ceca",
  "outputs": {
    "os_disk_path": {
      "value": "C:\\HyperV\\VHDX\\Users\\ws-user\\user-test-demo05.vhdx",
      "type": "string"
    }
  },
  "resources": [
    {
      "mode": "data",
      "type": "hypervapiv2_disk_plan",
      "name": "os",
      "provider": "provider[\"registry.terraform.io/vinitsiriya/hypervapiv2\"]",
      "instances": [
        {
          "schema_version": 0,
          "attributes": {
            "clone_from": null,
            "co_locate_with": null,
            "ext": null,
            "free_gb_after": 1647,
            "host": "WORKSPACE",
            "id": "user-test-demo05:os",
            "matched_root": "C:\\HyperV\\VHDX\\Users",
            "min_free_gb": null,
            "normalized_path": "C:\\HyperV\\VHDX\\Users\\ws-user\\user-test-demo05.vhdx",
            "operation": "create",
            "path": "C:\\HyperV\\VHDX\\Users\\ws-user\\user-test-demo05.vhdx",
            "prefer_root": null,
            "purpose": "os",
            "reason": "user-subdir",
            "size_gb": 20,
            "vm_name": "user-test-demo05",
            "warnings": [],
            "writable": true
          },
          "sensitive_attributes": [],
          "identity_schema_version": 0
        }
      ]
    },
    {
      "mode": "managed",
      "type": "hypervapiv2_vm",
      "name": "vm",
      "provider": "provider[\"registry.terraform.io/vinitsiriya/hypervapiv2\"]",
      "instances": [
        {
          "schema_version": 0,
          "attributes": {
            "cpu": 1,
            "disk": [],
            "firmware": null,
            "generation": 1,
            "id": "user-test-demo05",
            "memory": "2048MB",
            "name": "user-test-demo05",
            "new_vhd_path": "C:\\HyperV\\VHDX\\Users\\ws-user\\user-test-demo05.vhdx",
            "new_vhd_size_gb": 20,
            "power": "stopped",
            "security": null,
            "stop_method": null,
            "switch_name": null,
            "vm_lifecycle": null,
            "wait_timeout_seconds": null
          },
          "sensitive_attributes": [],
          "identity_schema_version": 0,
          "dependencies": [
            "data.hypervapiv2_disk_plan.os"
          ]
        }
      ]
    }
  ],
  "check_results": null
}
