{
  "version": 4,
  "terraform_version": "1.13.4",
  "serial": 62,
  "lineage": "b552bd8e-6f5a-abe5-6d6f-009df305d1fa",
  "outputs": {
    "os_disk_path": {
      "value": "C:\\HyperV\\VHDX\\Users\\ws-user\\user-test-demo01.vhdx",
      "type": "string"
    }
  },
  "resources": [
    {
      "mode": "data",
      "type": "hypervapiv2_disk_plan",
      "name": "os",
      "provider": "provider[\"registry.terraform.io/vinitsiriya/hypervapiv2\"]",
      "instances": [
        {
          "schema_version": 0,
          "attributes": {
            "clone_from": null,
            "co_locate_with": null,
            "ext": null,
            "free_gb_after": 1627,
            "host": "WORKSPACE",
            "id": "user-test-demo01:os",
            "matched_root": "C:\\HyperV\\VHDX\\Users",
            "min_free_gb": null,
            "normalized_path": "C:\\HyperV\\VHDX\\Users\\ws-user\\user-test-demo01.vhdx",
            "operation": "create",
            "path": "C:\\HyperV\\VHDX\\Users\\ws-user\\user-test-demo01.vhdx",
            "prefer_root": null,
            "purpose": "os",
            "reason": "user-subdir",
            "size_gb": 40,
            "vm_name": "user-test-demo01",
            "warnings": [],
            "writable": true
          },
          "sensitive_attributes": [],
          "identity_schema_version": 0
        }
      ]
    },
    {
      "mode": "managed",
      "type": "hypervapiv2_vm",
      "name": "vm",
      "provider": "provider[\"registry.terraform.io/vinitsiriya/hypervapiv2\"]",
      "instances": [
        {
          "schema_version": 0,
          "attributes": {
            "cpu": 2,
            "disk": [],
            "firmware": null,
            "generation": null,
            "id": "d39f50f5-0768-4d5e-9306-b7229751cc3a",
            "memory": "2GB",
            "name": "user-test-demo01",
            "new_vhd_path": "C:\\HyperV\\VHDX\\Users\\ws-user\\user-test-demo01.vhdx",
            "new_vhd_size_gb": 40,
            "power": "stopped",
            "security": null,
            "stop_method": null,
            "switch_name": null,
            "vm_lifecycle": null,
            "wait_timeout_seconds": null
          },
          "sensitive_attributes": [],
          "identity_schema_version": 0,
          "dependencies": [
            "data.hypervapiv2_disk_plan.os"
          ]
        }
      ]
    }
  ],
  "check_results": null
}
