{
  "version": 4,
  "terraform_version": "1.13.4",
  "serial": 5,
  "lineage": "f2f27e85-d353-db9b-1a7c-c9fd8e720f44",
  "outputs": {},
  "resources": [
    {
      "mode": "managed",
      "type": "hypervapiv2_vm",
      "name": "vm",
      "provider": "provider[\"registry.terraform.io/vinitsiriya/hypervapiv2\"]",
      "instances": [
        {
          "schema_version": 0,
          "attributes": {
            "cpu": 2,
            "disk": [
              {
                "auto_attach": null,
                "boot": true,
                "clone_from": null,
                "controller": null,
                "lun": null,
                "name": "os",
                "path": null,
                "placement": null,
                "protect": null,
                "purpose": "os",
                "read_only": null,
                "size": "20GB",
                "source_path": null,
                "type": "dynamic"
              }
            ],
            "firmware": null,
            "generation": null,
            "id": "9a425edb-090f-4242-9280-e37785f689d2",
            "memory": "2GB",
            "name": "user-test-demo13",
            "new_vhd_path": null,
            "new_vhd_size_gb": null,
            "power": "stopped",
            "security": null,
            "stop_method": null,
            "switch_name": null,
            "vm_lifecycle": null,
            "wait_timeout_seconds": null
          },
          "sensitive_attributes": [],
          "identity_schema_version": 0
        }
      ]
    }
  ],
  "check_results": null
}
