{
  "version": 4,
  "terraform_version": "1.13.4",
  "serial": 31,
  "lineage": "166b4cbb-46fd-9e4e-86b3-b7a1563a291f",
  "outputs": {
    "encrypt_enabled": {
      "value": false,
      "type": "bool"
    },
    "os_disk_path": {
      "value": "C:\\HyperV\\VHDX\\Users\\ws-user\\user-test-demo02.vhdx",
      "type": "string"
    },
    "path_allowed": {
      "value": true,
      "type": "bool"
    },
    "policy_extensions": {
      "value": [
        ".vhdx"
      ],
      "type": [
        "list",
        "string"
      ]
    },
    "policy_roots": {
      "value": [
        "C:\\HyperV\\VHDX\\Users"
      ],
      "type": [
        "list",
        "string"
      ]
    },
    "secure_boot": {
      "value": true,
      "type": "bool"
    },
    "secure_boot_template": {
      "value": "MicrosoftWindows",
      "type": "string"
    },
    "tpm_enabled": {
      "value": true,
      "type": "bool"
    }
  },
  "resources": [
    {
      "mode": "data",
      "type": "hypervapiv2_disk_plan",
      "name": "os",
      "provider": "provider[\"registry.terraform.io/vinitsiriya/hypervapiv2\"]",
      "instances": [
        {
          "schema_version": 0,
          "attributes": {
            "clone_from": null,
            "co_locate_with": null,
            "ext": "vhdx",
            "free_gb_after": 1617,
            "host": "WORKSPACE",
            "id": "user-test-demo02:os",
            "matched_root": "C:\\HyperV\\VHDX\\Users",
            "min_free_gb": null,
            "normalized_path": "C:\\HyperV\\VHDX\\Users\\ws-user\\user-test-demo02.vhdx",
            "operation": "create",
            "path": "C:\\HyperV\\VHDX\\Users\\ws-user\\user-test-demo02.vhdx",
            "prefer_root": null,
            "purpose": "os",
            "reason": "user-subdir",
            "size_gb": 50,
            "vm_name": "user-test-demo02",
            "warnings": [],
            "writable": true
          },
          "sensitive_attributes": [],
          "identity_schema_version": 0
        }
      ]
    },
    {
      "mode": "data",
      "type": "hypervapiv2_path_validate",
      "name": "os",
      "provider": "provider[\"registry.terraform.io/vinitsiriya/hypervapiv2\"]",
      "instances": [
        {
          "schema_version": 0,
          "attributes": {
            "allowed": true,
            "ext": "vhdx",
            "id": "C:\\HyperV\\VHDX\\Users\\ws-user\\user-test-demo02.vhdx",
            "matched_root": "C:\\HyperV\\VHDX\\Users",
            "message": "ok",
            "normalized_path": "C:\\HyperV\\VHDX\\Users\\ws-user\\user-test-demo02.vhdx",
            "operation": "create",
            "path": "C:\\HyperV\\VHDX\\Users\\ws-user\\user-test-demo02.vhdx",
            "violations": []
          },
          "sensitive_attributes": [],
          "identity_schema_version": 0
        }
      ]
    },
    {
      "mode": "data",
      "type": "hypervapiv2_policy",
      "name": "current",
      "provider": "provider[\"registry.terraform.io/vinitsiriya/hypervapiv2\"]",
      "instances": [
        {
          "schema_version": 0,
          "attributes": {
            "extensions": [
              ".vhdx"
            ],
            "id": "policy",
            "message": null,
            "roots": [
              "C:\\HyperV\\VHDX\\Users"
            ]
          },
          "sensitive_attributes": [],
          "identity_schema_version": 0
        }
      ]
    },
    {
      "mode": "managed",
      "type": "hypervapiv2_vm",
      "name": "win",
      "provider": "provider[\"registry.terraform.io/vinitsiriya/hypervapiv2\"]",
      "instances": [
        {
          "schema_version": 0,
          "attributes": {
            "cpu": 4,
            "disk": [
              {
                "auto_attach": null,
                "boot": true,
                "clone_from": null,
                "controller": "SCSI",
                "lun": 0,
                "name": "os",
                "path": "C:\\HyperV\\VHDX\\Users\\ws-user\\user-test-demo02.vhdx",
                "placement": null,
                "protect": null,
                "purpose": "os",
                "read_only": null,
                "size": "50GB",
                "source_path": null,
                "type": "dynamic"
              }
            ],
            "firmware": {
              "secure_boot": true,
              "secure_boot_template": "MicrosoftWindows"
            },
            "generation": 2,
            "id": "7da75153-4799-465c-91c5-5650491924f1",
            "memory": "4GB",
            "name": "user-test-demo02",
            "new_vhd_path": null,
            "new_vhd_size_gb": null,
            "power": "stopped",
            "security": {
              "encrypt": false,
              "tpm": true
            },
            "stop_method": "graceful",
            "switch_name": "Default Switch",
            "vm_lifecycle": {
              "delete_disks": true
            },
            "wait_timeout_seconds": 120
          },
          "sensitive_attributes": [],
          "identity_schema_version": 0,
          "dependencies": [
            "data.hypervapiv2_disk_plan.os"
          ]
        }
      ]
    }
  ],
  "check_results": null
}
