{
  "version": 4,
  "terraform_version": "1.13.4",
  "serial": 6,
  "lineage": "8cc1c4f8-a3c9-72ea-0362-fe929e45022c",
  "outputs": {
    "os_disk_path": {
      "value": "C:\\HyperV\\VHDX\\Users\\ws-user\\user-test-demo08.vhdx",
      "type": "string"
    }
  },
  "resources": [
    {
      "mode": "data",
      "type": "hypervapiv2_disk_plan",
      "name": "os",
      "provider": "provider[\"registry.terraform.io/vinitsiriya/hypervapiv2\"]",
      "instances": [
        {
          "schema_version": 0,
          "attributes": {
            "clone_from": null,
            "co_locate_with": null,
            "ext": null,
            "free_gb_after": 1647,
            "host": "WORKSPACE",
            "id": "user-test-demo08:os",
            "matched_root": "C:\\HyperV\\VHDX\\Users",
            "min_free_gb": null,
            "normalized_path": "C:\\HyperV\\VHDX\\Users\\ws-user\\user-test-demo08.vhdx",
            "operation": "create",
            "path": "C:\\HyperV\\VHDX\\Users\\ws-user\\user-test-demo08.vhdx",
            "prefer_root": null,
            "purpose": "os",
            "reason": "user-subdir",
            "size_gb": 20,
            "vm_name": "user-test-demo08",
            "warnings": [],
            "writable": true
          },
          "sensitive_attributes": [],
          "identity_schema_version": 0
        }
      ]
    },
    {
      "mode": "managed",
      "type": "hypervapiv2_vm",
      "name": "vm",
      "provider": "provider[\"registry.terraform.io/vinitsiriya/hypervapiv2\"]",
      "instances": [
        {
          "schema_version": 0,
          "attributes": {
            "cpu": 2,
            "disk": [],
            "firmware": {
              "secure_boot": true,
              "secure_boot_template": "MicrosoftWindows"
            },
            "generation": null,
            "id": "93ed2424-22c3-4f1d-9a78-d412c4238145",
            "memory": "2GB",
            "name": "user-test-demo08",
            "new_vhd_path": "C:\\HyperV\\VHDX\\Users\\ws-user\\user-test-demo08.vhdx",
            "new_vhd_size_gb": 20,
            "power": "stopped",
            "security": {
              "encrypt": false,
              "tpm": true
            },
            "stop_method": null,
            "switch_name": null,
            "vm_lifecycle": null,
            "wait_timeout_seconds": null
          },
          "sensitive_attributes": [],
          "identity_schema_version": 0,
          "dependencies": [
            "data.hypervapiv2_disk_plan.os"
          ]
        }
      ]
    }
  ],
  "check_results": null
}
