{
  "version": 4,
  "terraform_version": "1.13.4",
  "serial": 37,
  "lineage": "d56ce295-b7a8-561b-12be-a94ce6e1aa12",
  "outputs": {
    "clone_auto_path": {
      "value": "C:\\HyperV\\VHDX\\Users\\ws-user\\user-test-demo07.vhdx",
      "type": "string"
    },
    "new_auto_allowed": {
      "value": true,
      "type": "bool"
    },
    "new_auto_path": {
      "value": "C:\\HyperV\\VHDX\\Users\\ws-user\\user-test-demo07.vhdx",
      "type": "string"
    }
  },
  "resources": [
    {
      "mode": "data",
      "type": "hypervapiv2_disk_plan",
      "name": "clone_auto",
      "provider": "provider[\"registry.terraform.io/vinitsiriya/hypervapiv2\"]",
      "instances": [
        {
          "schema_version": 0,
          "attributes": {
            "clone_from": "C:/HyperV/VHDX/Users/templates/windows-base.vhdx",
            "co_locate_with": null,
            "ext": null,
            "free_gb_after": 1667,
            "host": "WORKSPACE",
            "id": "user-test-demo07:os",
            "matched_root": "C:\\HyperV\\VHDX\\Users",
            "min_free_gb": null,
            "normalized_path": "C:\\HyperV\\VHDX\\Users\\ws-user\\user-test-demo07.vhdx",
            "operation": "clone",
            "path": "C:\\HyperV\\VHDX\\Users\\ws-user\\user-test-demo07.vhdx",
            "prefer_root": null,
            "purpose": "os",
            "reason": "user-subdir",
            "size_gb": null,
            "vm_name": "user-test-demo07",
            "warnings": [],
            "writable": true
          },
          "sensitive_attributes": [],
          "identity_schema_version": 0
        }
      ]
    },
    {
      "mode": "data",
      "type": "hypervapiv2_disk_plan",
      "name": "new_auto",
      "provider": "provider[\"registry.terraform.io/vinitsiriya/hypervapiv2\"]",
      "instances": [
        {
          "schema_version": 0,
          "attributes": {
            "clone_from": null,
            "co_locate_with": null,
            "ext": null,
            "free_gb_after": 1647,
            "host": "WORKSPACE",
            "id": "user-test-demo07:os",
            "matched_root": "C:\\HyperV\\VHDX\\Users",
            "min_free_gb": null,
            "normalized_path": "C:\\HyperV\\VHDX\\Users\\ws-user\\user-test-demo07.vhdx",
            "operation": "create",
            "path": "C:\\HyperV\\VHDX\\Users\\ws-user\\user-test-demo07.vhdx",
            "prefer_root": null,
            "purpose": "os",
            "reason": "user-subdir",
            "size_gb": 20,
            "vm_name": "user-test-demo07",
            "warnings": [],
            "writable": true
          },
          "sensitive_attributes": [],
          "identity_schema_version": 0
        }
      ]
    },
    {
      "mode": "data",
      "type": "hypervapiv2_path_validate",
      "name": "new_auto",
      "provider": "provider[\"registry.terraform.io/vinitsiriya/hypervapiv2\"]",
      "instances": [
        {
          "schema_version": 0,
          "attributes": {
            "allowed": true,
            "ext": "vhdx",
            "id": "C:\\HyperV\\VHDX\\Users\\ws-user\\user-test-demo07.vhdx",
            "matched_root": "C:\\HyperV\\VHDX\\Users",
            "message": "ok",
            "normalized_path": "C:\\HyperV\\VHDX\\Users\\ws-user\\user-test-demo07.vhdx",
            "operation": "create",
            "path": "C:\\HyperV\\VHDX\\Users\\ws-user\\user-test-demo07.vhdx",
            "violations": []
          },
          "sensitive_attributes": [],
          "identity_schema_version": 0
        }
      ]
    },
    {
      "mode": "managed",
      "type": "hypervapiv2_vm",
      "name": "vm",
      "provider": "provider[\"registry.terraform.io/vinitsiriya/hypervapiv2\"]",
      "instances": [
        {
          "schema_version": 0,
          "attributes": {
            "cpu": 2,
            "disk": [
              {
                "auto_attach": null,
                "boot": true,
                "clone_from": "C:/HyperV/VHDX/Users/templates/windows-base.vhdx",
                "controller": null,
                "lun": null,
                "name": "os",
                "path": "C:\\HyperV\\VHDX\\Users\\ws-user\\user-test-demo07.vhdx",
                "placement": null,
                "protect": null,
                "purpose": "os",
                "read_only": null,
                "size": null,
                "source_path": null,
                "type": null
              }
            ],
            "firmware": null,
            "generation": null,
            "id": "user-test-demo07",
            "memory": "2GB",
            "name": "user-test-demo07",
            "new_vhd_path": null,
            "new_vhd_size_gb": null,
            "power": "stopped",
            "security": null,
            "stop_method": null,
            "switch_name": null,
            "vm_lifecycle": null,
            "wait_timeout_seconds": null
          },
          "sensitive_attributes": [],
          "identity_schema_version": 0,
          "dependencies": [
            "data.hypervapiv2_disk_plan.clone_auto"
          ]
        }
      ]
    }
  ],
  "check_results": null
}
